
Microsoft Visual Studio Solution File, Format Version 12.00
# Visual Studio Version 16
VisualStudioVersion = 16.0.30104.148
MinimumVisualStudioVersion = 10.0.40219.1
Project("{FAE04EC0-301F-11D3-BF4B-00C04F79EFBC}") = "FibonacciApp", "FibonacciApp\FibonacciApp.csproj", "{ADFE1760-BEF9-4EC2-922E-E0CD2B136F09}"
EndProject
Global
	GlobalSection(SolutionConfigurationPlatforms) = preSolution
		Debug|Any CPU = Debug|Any CPU
		Release|Any CPU = Release|Any CPU
	EndGlobalSection
	GlobalSection(ProjectConfigurationPlatforms) = postSolution
		{ADFE1760-BEF9-4EC2-922E-E0CD2B136F09}.Debug|Any CPU.ActiveCfg = Debug|Any CPU
		{ADFE1760-BEF9-4EC2-922E-E0CD2B136F09}.Debug|Any CPU.Build.0 = Debug|Any CPU
		{ADFE1760-BEF9-4EC2-922E-E0CD2B136F09}.Release|Any CPU.ActiveCfg = Release|Any CPU
		{ADFE1760-BEF9-4EC2-922E-E0CD2B136F09}.Release|Any CPU.Build.0 = Release|Any CPU
	EndGlobalSection
	GlobalSection(SolutionProperties) = preSolution
		HideSolutionNode = FALSE
	EndGlobalSection
	GlobalSection(ExtensibilityGlobals) = postSolution
		SolutionGuid = {7D0CC70A-D8B9-434A-98E5-F6F1EECFEF3B}
	EndGlobalSection
EndGlobal
